Microsoft Visual Studio Solution File, Format Version 12.00
# Visual Studio Version 18
VisualStudioVersion = 18.4.11612.150
MinimumVisualStudioVersion = 10.0.40219.1
Project("{FAE04EC0-301F-11D3-BF4B-00C04F79EFBC}") = "Langoose.Api", "src\Langoose.Api\Langoose.Api.csproj", "{E6FEF91A-42FC-44D7-9B5B-255BC89EA34C}"
EndProject
Project("{FAE04EC0-301F-11D3-BF4B-00C04F79EFBC}") = "Langoose.Domain", "src\Langoose.Domain\Langoose.Domain.csproj", "{E0D72A8E-932D-4CFF-B3C5-EA2B7E20786E}"
EndProject
Project("{FAE04EC0-301F-11D3-BF4B-00C04F79EFBC}") = "Langoose.Data", "src\Langoose.Data\Langoose.Data.csproj", "{6FF87ED2-FB03-4BA4-8307-D2A0B70684F9}"
EndProject
Project("{FAE04EC0-301F-11D3-BF4B-00C04F79EFBC}") = "Langoose.Auth.Data", "src\Langoose.Auth.Data\Langoose.Auth.Data.csproj", "{6E6600D5-0B2F-4F3D-B587-F9D9B739DB36}"
EndProject
Project("{FAE04EC0-301F-11D3-BF4B-00C04F79EFBC}") = "Langoose.DbTool", "src\Langoose.DbTool\Langoose.DbTool.csproj", "{7F52A899-3EF9-4E68-92A6-8DD2429FD2E6}"
EndProject
Project("{2150E333-8FDC-42A3-9474-1A3956D46DE8}") = "tests", "tests", "{0AB3BF05-4346-4AA6-1389-037BE0695223}"
EndProject
Project("{FAE04EC0-301F-11D3-BF4B-00C04F79EFBC}") = "Langoose.Api.IntegrationTests", "tests\Langoose.Api.IntegrationTests\Langoose.Api.IntegrationTests.csproj", "{0E739DFC-955A-4B2B-885D-1D62E59A08A3}"
EndProject
Project("{FAE04EC0-301F-11D3-BF4B-00C04F79EFBC}") = "Langoose.Core", "src\Langoose.Core\Langoose.Core.csproj", "{63C80251-875D-4C13-BF94-FFC59CDDBACF}"
EndProject
Project("{FAE04EC0-301F-11D3-BF4B-00C04F79EFBC}") = "Langoose.Worker", "src\Langoose.Worker\Langoose.Worker.csproj", "{6155A544-22DA-4A25-AB51-12131109BA2C}"
EndProject
Project("{FAE04EC0-301F-11D3-BF4B-00C04F79EFBC}") = "Langoose.Core.UnitTests", "tests\Langoose.Core.UnitTests\Langoose.Core.UnitTests.csproj", "{9814E9E8-7CE3-41BD-8D34-10C3994DC953}"
EndProject
Project("{FAE04EC0-301F-11D3-BF4B-00C04F79EFBC}") = "Langoose.Corpus.Data", "src\Langoose.Corpus.Data\Langoose.Corpus.Data.csproj", "{7D5F30C4-159E-49CF-84B7-9CF1E3AF141C}"
EndProject
Project("{FAE04EC0-301F-11D3-BF4B-00C04F79EFBC}") = "Langoose.Corpus.DbTool", "src\Langoose.Corpus.DbTool\Langoose.Corpus.DbTool.csproj", "{FE097712-6910-44B6-8B6B-56770D1EE17A}"
EndProject
Project("{FAE04EC0-301F-11D3-BF4B-00C04F79EFBC}") = "Langoose.Corpus.IntegrationTests", "tests\Langoose.Corpus.IntegrationTests\Langoose.Corpus.IntegrationTests.csproj", "{41E62C4B-B996-49A6-9259-7FD132FFC09F}"
EndProject
Global
	GlobalSection(SolutionConfigurationPlatforms) = preSolution
		Debug|Any CPU = Debug|Any CPU
		Debug|x64 = Debug|x64
		Debug|x86 = Debug|x86
		Release|Any CPU = Release|Any CPU
		Release|x64 = Release|x64
		Release|x86 = Release|x86
	EndGlobalSection
	GlobalSection(ProjectConfigurationPlatforms) = postSolution
		{E6FEF91A-42FC-44D7-9B5B-255BC89EA34C}.Debug|Any CPU.ActiveCfg = Debug|Any CPU
		{E6FEF91A-42FC-44D7-9B5B-255BC89EA34C}.Debug|Any CPU.Build.0 = Debug|Any CPU
		{E6FEF91A-42FC-44D7-9B5B-255BC89EA34C}.Debug|x64.ActiveCfg = Debug|Any CPU
		{E6FEF91A-42FC-44D7-9B5B-255BC89EA34C}.Debug|x64.Build.0 = Debug|Any CPU
		{E6FEF91A-42FC-44D7-9B5B-255BC89EA34C}.Debug|x86.ActiveCfg = Debug|Any CPU
		{E6FEF91A-42FC-44D7-9B5B-255BC89EA34C}.Debug|x86.Build.0 = Debug|Any CPU
		{E6FEF91A-42FC-44D7-9B5B-255BC89EA34C}.Release|Any CPU.ActiveCfg = Release|Any CPU
		{E6FEF91A-42FC-44D7-9B5B-255BC89EA34C}.Release|Any CPU.Build.0 = Release|Any CPU
		{E6FEF91A-42FC-44D7-9B5B-255BC89EA34C}.Release|x64.ActiveCfg = Release|Any CPU
		{E6FEF91A-42FC-44D7-9B5B-255BC89EA34C}.Release|x64.Build.0 = Release|Any CPU
		{E6FEF91A-42FC-44D7-9B5B-255BC89EA34C}.Release|x86.ActiveCfg = Release|Any CPU
		{E6FEF91A-42FC-44D7-9B5B-255BC89EA34C}.Release|x86.Build.0 = Release|Any CPU
		{E0D72A8E-932D-4CFF-B3C5-EA2B7E20786E}.Debug|Any CPU.ActiveCfg = Debug|Any CPU
		{E0D72A8E-932D-4CFF-B3C5-EA2B7E20786E}.Debug|Any CPU.Build.0 = Debug|Any CPU
		{E0D72A8E-932D-4CFF-B3C5-EA2B7E20786E}.Debug|x64.ActiveCfg = Debug|Any CPU
		{E0D72A8E-932D-4CFF-B3C5-EA2B7E20786E}.Debug|x64.Build.0 = Debug|Any CPU
		{E0D72A8E-932D-4CFF-B3C5-EA2B7E20786E}.Debug|x86.ActiveCfg = Debug|Any CPU
		{E0D72A8E-932D-4CFF-B3C5-EA2B7E20786E}.Debug|x86.Build.0 = Debug|Any CPU
		{E0D72A8E-932D-4CFF-B3C5-EA2B7E20786E}.Release|Any CPU.ActiveCfg = Release|Any CPU
		{E0D72A8E-932D-4CFF-B3C5-EA2B7E20786E}.Release|Any CPU.Build.0 = Release|Any CPU
		{E0D72A8E-932D-4CFF-B3C5-EA2B7E20786E}.Release|x64.ActiveCfg = Release|Any CPU
		{E0D72A8E-932D-4CFF-B3C5-EA2B7E20786E}.Release|x64.Build.0 = Release|Any CPU
		{E0D72A8E-932D-4CFF-B3C5-EA2B7E20786E}.Release|x86.ActiveCfg = Release|Any CPU
		{E0D72A8E-932D-4CFF-B3C5-EA2B7E20786E}.Release|x86.Build.0 = Release|Any CPU
		{6FF87ED2-FB03-4BA4-8307-D2A0B70684F9}.Debug|Any CPU.ActiveCfg = Debug|Any CPU
		{6FF87ED2-FB03-4BA4-8307-D2A0B70684F9}.Debug|Any CPU.Build.0 = Debug|Any CPU
		{6FF87ED2-FB03-4BA4-8307-D2A0B70684F9}.Debug|x64.ActiveCfg = Debug|Any CPU
		{6FF87ED2-FB03-4BA4-8307-D2A0B70684F9}.Debug|x64.Build.0 = Debug|Any CPU
		{6FF87ED2-FB03-4BA4-8307-D2A0B70684F9}.Debug|x86.ActiveCfg = Debug|Any CPU
		{6FF87ED2-FB03-4BA4-8307-D2A0B70684F9}.Debug|x86.Build.0 = Debug|Any CPU
		{6FF87ED2-FB03-4BA4-8307-D2A0B70684F9}.Release|Any CPU.ActiveCfg = Release|Any CPU
		{6FF87ED2-FB03-4BA4-8307-D2A0B70684F9}.Release|Any CPU.Build.0 = Release|Any CPU
		{6FF87ED2-FB03-4BA4-8307-D2A0B70684F9}.Release|x64.ActiveCfg = Release|Any CPU
		{6FF87ED2-FB03-4BA4-8307-D2A0B70684F9}.Release|x64.Build.0 = Release|Any CPU
		{6FF87ED2-FB03-4BA4-8307-D2A0B70684F9}.Release|x86.ActiveCfg = Release|Any CPU
		{6FF87ED2-FB03-4BA4-8307-D2A0B70684F9}.Release|x86.Build.0 = Release|Any CPU
		{6E6600D5-0B2F-4F3D-B587-F9D9B739DB36}.Debug|Any CPU.ActiveCfg = Debug|Any CPU
		{6E6600D5-0B2F-4F3D-B587-F9D9B739DB36}.Debug|Any CPU.Build.0 = Debug|Any CPU
		{6E6600D5-0B2F-4F3D-B587-F9D9B739DB36}.Debug|x64.ActiveCfg = Debug|Any CPU
		{6E6600D5-0B2F-4F3D-B587-F9D9B739DB36}.Debug|x64.Build.0 = Debug|Any CPU
		{6E6600D5-0B2F-4F3D-B587-F9D9B739DB36}.Debug|x86.ActiveCfg = Debug|Any CPU
		{6E6600D5-0B2F-4F3D-B587-F9D9B739DB36}.Debug|x86.Build.0 = Debug|Any CPU
		{6E6600D5-0B2F-4F3D-B587-F9D9B739DB36}.Release|Any CPU.ActiveCfg = Release|Any CPU
		{6E6600D5-0B2F-4F3D-B587-F9D9B739DB36}.Release|Any CPU.Build.0 = Release|Any CPU
		{6E6600D5-0B2F-4F3D-B587-F9D9B739DB36}.Release|x64.ActiveCfg = Release|Any CPU
		{6E6600D5-0B2F-4F3D-B587-F9D9B739DB36}.Release|x64.Build.0 = Release|Any CPU
		{6E6600D5-0B2F-4F3D-B587-F9D9B739DB36}.Release|x86.ActiveCfg = Release|Any CPU
		{6E6600D5-0B2F-4F3D-B587-F9D9B739DB36}.Release|x86.Build.0 = Release|Any CPU
		{7F52A899-3EF9-4E68-92A6-8DD2429FD2E6}.Debug|Any CPU.ActiveCfg = Debug|Any CPU
		{7F52A899-3EF9-4E68-92A6-8DD2429FD2E6}.Debug|Any CPU.Build.0 = Debug|Any CPU
		{7F52A899-3EF9-4E68-92A6-8DD2429FD2E6}.Debug|x64.ActiveCfg = Debug|Any CPU
		{7F52A899-3EF9-4E68-92A6-8DD2429FD2E6}.Debug|x64.Build.0 = Debug|Any CPU
		{7F52A899-3EF9-4E68-92A6-8DD2429FD2E6}.Debug|x86.ActiveCfg = Debug|Any CPU
		{7F52A899-3EF9-4E68-92A6-8DD2429FD2E6}.Debug|x86.Build.0 = Debug|Any CPU
		{7F52A899-3EF9-4E68-92A6-8DD2429FD2E6}.Release|Any CPU.ActiveCfg = Release|Any CPU
		{7F52A899-3EF9-4E68-92A6-8DD2429FD2E6}.Release|Any CPU.Build.0 = Release|Any CPU
		{7F52A899-3EF9-4E68-92A6-8DD2429FD2E6}.Release|x64.ActiveCfg = Release|Any CPU
		{7F52A899-3EF9-4E68-92A6-8DD2429FD2E6}.Release|x64.Build.0 = Release|Any CPU
		{7F52A899-3EF9-4E68-92A6-8DD2429FD2E6}.Release|x86.ActiveCfg = Release|Any CPU
		{7F52A899-3EF9-4E68-92A6-8DD2429FD2E6}.Release|x86.Build.0 = Release|Any CPU
		{0E739DFC-955A-4B2B-885D-1D62E59A08A3}.Debug|Any CPU.ActiveCfg = Debug|Any CPU
		{0E739DFC-955A-4B2B-885D-1D62E59A08A3}.Debug|Any CPU.Build.0 = Debug|Any CPU
		{0E739DFC-955A-4B2B-885D-1D62E59A08A3}.Debug|x64.ActiveCfg = Debug|Any CPU
		{0E739DFC-955A-4B2B-885D-1D62E59A08A3}.Debug|x64.Build.0 = Debug|Any CPU
		{0E739DFC-955A-4B2B-885D-1D62E59A08A3}.Debug|x86.ActiveCfg = Debug|Any CPU
		{0E739DFC-955A-4B2B-885D-1D62E59A08A3}.Debug|x86.Build.0 = Debug|Any CPU
		{0E739DFC-955A-4B2B-885D-1D62E59A08A3}.Release|Any CPU.ActiveCfg = Release|Any CPU
		{0E739DFC-955A-4B2B-885D-1D62E59A08A3}.Release|Any CPU.Build.0 = Release|Any CPU
		{0E739DFC-955A-4B2B-885D-1D62E59A08A3}.Release|x64.ActiveCfg = Release|Any CPU
		{0E739DFC-955A-4B2B-885D-1D62E59A08A3}.Release|x64.Build.0 = Release|Any CPU
		{0E739DFC-955A-4B2B-885D-1D62E59A08A3}.Release|x86.ActiveCfg = Release|Any CPU
		{0E739DFC-955A-4B2B-885D-1D62E59A08A3}.Release|x86.Build.0 = Release|Any CPU
		{63C80251-875D-4C13-BF94-FFC59CDDBACF}.Debug|Any CPU.ActiveCfg = Debug|Any CPU
		{63C80251-875D-4C13-BF94-FFC59CDDBACF}.Debug|Any CPU.Build.0 = Debug|Any CPU
		{63C80251-875D-4C13-BF94-FFC59CDDBACF}.Debug|x64.ActiveCfg = Debug|Any CPU
		{63C80251-875D-4C13-BF94-FFC59CDDBACF}.Debug|x64.Build.0 = Debug|Any CPU
		{63C80251-875D-4C13-BF94-FFC59CDDBACF}.Debug|x86.ActiveCfg = Debug|Any CPU
		{63C80251-875D-4C13-BF94-FFC59CDDBACF}.Debug|x86.Build.0 = Debug|Any CPU
		{63C80251-875D-4C13-BF94-FFC59CDDBACF}.Release|Any CPU.ActiveCfg = Release|Any CPU
		{63C80251-875D-4C13-BF94-FFC59CDDBACF}.Release|Any CPU.Build.0 = Release|Any CPU
		{63C80251-875D-4C13-BF94-FFC59CDDBACF}.Release|x64.ActiveCfg = Release|Any CPU
		{63C80251-875D-4C13-BF94-FFC59CDDBACF}.Release|x64.Build.0 = Release|Any CPU
		{63C80251-875D-4C13-BF94-FFC59CDDBACF}.Release|x86.ActiveCfg = Release|Any CPU
		{63C80251-875D-4C13-BF94-FFC59CDDBACF}.Release|x86.Build.0 = Release|Any CPU
		{6155A544-22DA-4A25-AB51-12131109BA2C}.Debug|Any CPU.ActiveCfg = Debug|Any CPU
		{6155A544-22DA-4A25-AB51-12131109BA2C}.Debug|Any CPU.Build.0 = Debug|Any CPU
		{6155A544-22DA-4A25-AB51-12131109BA2C}.Debug|x64.ActiveCfg = Debug|Any CPU
		{6155A544-22DA-4A25-AB51-12131109BA2C}.Debug|x64.Build.0 = Debug|Any CPU
		{6155A544-22DA-4A25-AB51-12131109BA2C}.Debug|x86.ActiveCfg = Debug|Any CPU
		{6155A544-22DA-4A25-AB51-12131109BA2C}.Debug|x86.Build.0 = Debug|Any CPU
		{6155A544-22DA-4A25-AB51-12131109BA2C}.Release|Any CPU.ActiveCfg = Release|Any CPU
		{6155A544-22DA-4A25-AB51-12131109BA2C}.Release|Any CPU.Build.0 = Release|Any CPU
		{6155A544-22DA-4A25-AB51-12131109BA2C}.Release|x64.ActiveCfg = Release|Any CPU
		{6155A544-22DA-4A25-AB51-12131109BA2C}.Release|x64.Build.0 = Release|Any CPU
		{6155A544-22DA-4A25-AB51-12131109BA2C}.Release|x86.ActiveCfg = Release|Any CPU
		{6155A544-22DA-4A25-AB51-12131109BA2C}.Release|x86.Build.0 = Release|Any CPU
		{9814E9E8-7CE3-41BD-8D34-10C3994DC953}.Debug|Any CPU.ActiveCfg = Debug|Any CPU
		{9814E9E8-7CE3-41BD-8D34-10C3994DC953}.Debug|Any CPU.Build.0 = Debug|Any CPU
		{9814E9E8-7CE3-41BD-8D34-10C3994DC953}.Debug|x64.ActiveCfg = Debug|Any CPU
		{9814E9E8-7CE3-41BD-8D34-10C3994DC953}.Debug|x64.Build.0 = Debug|Any CPU
		{9814E9E8-7CE3-41BD-8D34-10C3994DC953}.Debug|x86.ActiveCfg = Debug|Any CPU
		{9814E9E8-7CE3-41BD-8D34-10C3994DC953}.Debug|x86.Build.0 = Debug|Any CPU
		{9814E9E8-7CE3-41BD-8D34-10C3994DC953}.Release|Any CPU.ActiveCfg = Release|Any CPU
		{9814E9E8-7CE3-41BD-8D34-10C3994DC953}.Release|Any CPU.Build.0 = Release|Any CPU
		{9814E9E8-7CE3-41BD-8D34-10C3994DC953}.Release|x64.ActiveCfg = Release|Any CPU
		{9814E9E8-7CE3-41BD-8D34-10C3994DC953}.Release|x64.Build.0 = Release|Any CPU
		{9814E9E8-7CE3-41BD-8D34-10C3994DC953}.Release|x86.ActiveCfg = Release|Any CPU
		{9814E9E8-7CE3-41BD-8D34-10C3994DC953}.Release|x86.Build.0 = Release|Any CPU
		{7D5F30C4-159E-49CF-84B7-9CF1E3AF141C}.Debug|Any CPU.ActiveCfg = Debug|Any CPU
		{7D5F30C4-159E-49CF-84B7-9CF1E3AF141C}.Debug|Any CPU.Build.0 = Debug|Any CPU
		{7D5F30C4-159E-49CF-84B7-9CF1E3AF141C}.Debug|x64.ActiveCfg = Debug|Any CPU
		{7D5F30C4-159E-49CF-84B7-9CF1E3AF141C}.Debug|x64.Build.0 = Debug|Any CPU
		{7D5F30C4-159E-49CF-84B7-9CF1E3AF141C}.Debug|x86.ActiveCfg = Debug|Any CPU
		{7D5F30C4-159E-49CF-84B7-9CF1E3AF141C}.Debug|x86.Build.0 = Debug|Any CPU
		{7D5F30C4-159E-49CF-84B7-9CF1E3AF141C}.Release|Any CPU.ActiveCfg = Release|Any CPU
		{7D5F30C4-159E-49CF-84B7-9CF1E3AF141C}.Release|Any CPU.Build.0 = Release|Any CPU
		{7D5F30C4-159E-49CF-84B7-9CF1E3AF141C}.Release|x64.ActiveCfg = Release|Any CPU
		{7D5F30C4-159E-49CF-84B7-9CF1E3AF141C}.Release|x64.Build.0 = Release|Any CPU
		{7D5F30C4-159E-49CF-84B7-9CF1E3AF141C}.Release|x86.ActiveCfg = Release|Any CPU
		{7D5F30C4-159E-49CF-84B7-9CF1E3AF141C}.Release|x86.Build.0 = Release|Any CPU
		{FE097712-6910-44B6-8B6B-56770D1EE17A}.Debug|Any CPU.ActiveCfg = Debug|Any CPU
		{FE097712-6910-44B6-8B6B-56770D1EE17A}.Debug|Any CPU.Build.0 = Debug|Any CPU
		{FE097712-6910-44B6-8B6B-56770D1EE17A}.Debug|x64.ActiveCfg = Debug|Any CPU
		{FE097712-6910-44B6-8B6B-56770D1EE17A}.Debug|x64.Build.0 = Debug|Any CPU
		{FE097712-6910-44B6-8B6B-56770D1EE17A}.Debug|x86.ActiveCfg = Debug|Any CPU
		{FE097712-6910-44B6-8B6B-56770D1EE17A}.Debug|x86.Build.0 = Debug|Any CPU
		{FE097712-6910-44B6-8B6B-56770D1EE17A}.Release|Any CPU.ActiveCfg = Release|Any CPU
		{FE097712-6910-44B6-8B6B-56770D1EE17A}.Release|Any CPU.Build.0 = Release|Any CPU
		{FE097712-6910-44B6-8B6B-56770D1EE17A}.Release|x64.ActiveCfg = Release|Any CPU
		{FE097712-6910-44B6-8B6B-56770D1EE17A}.Release|x64.Build.0 = Release|Any CPU
		{FE097712-6910-44B6-8B6B-56770D1EE17A}.Release|x86.ActiveCfg = Release|Any CPU
		{FE097712-6910-44B6-8B6B-56770D1EE17A}.Release|x86.Build.0 = Release|Any CPU
		{41E62C4B-B996-49A6-9259-7FD132FFC09F}.Debug|Any CPU.ActiveCfg = Debug|Any CPU
		{41E62C4B-B996-49A6-9259-7FD132FFC09F}.Debug|Any CPU.Build.0 = Debug|Any CPU
		{41E62C4B-B996-49A6-9259-7FD132FFC09F}.Debug|x64.ActiveCfg = Debug|Any CPU
		{41E62C4B-B996-49A6-9259-7FD132FFC09F}.Debug|x64.Build.0 = Debug|Any CPU
		{41E62C4B-B996-49A6-9259-7FD132FFC09F}.Debug|x86.ActiveCfg = Debug|Any CPU
		{41E62C4B-B996-49A6-9259-7FD132FFC09F}.Debug|x86.Build.0 = Debug|Any CPU
		{41E62C4B-B996-49A6-9259-7FD132FFC09F}.Release|Any CPU.ActiveCfg = Release|Any CPU
		{41E62C4B-B996-49A6-9259-7FD132FFC09F}.Release|Any CPU.Build.0 = Release|Any CPU
		{41E62C4B-B996-49A6-9259-7FD132FFC09F}.Release|x64.ActiveCfg = Release|Any CPU
		{41E62C4B-B996-49A6-9259-7FD132FFC09F}.Release|x64.Build.0 = Release|Any CPU
		{41E62C4B-B996-49A6-9259-7FD132FFC09F}.Release|x86.ActiveCfg = Release|Any CPU
		{41E62C4B-B996-49A6-9259-7FD132FFC09F}.Release|x86.Build.0 = Release|Any CPU
	EndGlobalSection
	GlobalSection(SolutionProperties) = preSolution
		HideSolutionNode = FALSE
	EndGlobalSection
	GlobalSection(NestedProjects) = preSolution
		{0E739DFC-955A-4B2B-885D-1D62E59A08A3} = {0AB3BF05-4346-4AA6-1389-037BE0695223}
		{9814E9E8-7CE3-41BD-8D34-10C3994DC953} = {0AB3BF05-4346-4AA6-1389-037BE0695223}
		{41E62C4B-B996-49A6-9259-7FD132FFC09F} = {0AB3BF05-4346-4AA6-1389-037BE0695223}
	EndGlobalSection
EndGlobal
